
Microsoft Visual Studio Solution File, Format Version 12.00
# Visual Studio Version 16
VisualStudioVersion = 16.0.30503.244
MinimumVisualStudioVersion = 10.0.40219.1
Project("{FAE04EC0-301F-11D3-BF4B-00C04F79EFBC}") = "ItemsApp.Android", "ItemsApp\ItemsApp.Android\ItemsApp.Android.csproj", "{D9513D3E-AF1A-4046-8492-63E004359736}"
EndProject
Project("{FAE04EC0-301F-11D3-BF4B-00C04F79EFBC}") = "ItemsApp.iOS", "ItemsApp\ItemsApp.iOS\ItemsApp.iOS.csproj", "{0E65D793-0CF2-4D0E-98F7-ECD8E575ACED}"
EndProject
Project("{FAE04EC0-301F-11D3-BF4B-00C04F79EFBC}") = "ItemsApp", "ItemsApp\ItemsApp\ItemsApp.csproj", "{0566FFD1-F96B-499E-9D27-62EC3A40A9E0}"
EndProject
Global
	GlobalSection(SolutionConfigurationPlatforms) = preSolution
		Debug|Any CPU = Debug|Any CPU
		Debug|iPhone = Debug|iPhone
		Debug|iPhoneSimulator = Debug|iPhoneSimulator
		Release|Any CPU = Release|Any CPU
		Release|iPhone = Release|iPhone
		Release|iPhoneSimulator = Release|iPhoneSimulator
	EndGlobalSection
	GlobalSection(ProjectConfigurationPlatforms) = postSolution
		{D9513D3E-AF1A-4046-8492-63E004359736}.Debug|Any CPU.ActiveCfg = Debug|Any CPU
		{D9513D3E-AF1A-4046-8492-63E004359736}.Debug|Any CPU.Build.0 = Debug|Any CPU
		{D9513D3E-AF1A-4046-8492-63E004359736}.Debug|Any CPU.Deploy.0 = Debug|Any CPU
		{D9513D3E-AF1A-4046-8492-63E004359736}.Debug|iPhone.ActiveCfg = Debug|Any CPU
		{D9513D3E-AF1A-4046-8492-63E004359736}.Debug|iPhone.Build.0 = Debug|Any CPU
		{D9513D3E-AF1A-4046-8492-63E004359736}.Debug|iPhone.Deploy.0 = Debug|Any CPU
		{D9513D3E-AF1A-4046-8492-63E004359736}.Debug|iPhoneSimulator.ActiveCfg = Debug|Any CPU
		{D9513D3E-AF1A-4046-8492-63E004359736}.Debug|iPhoneSimulator.Build.0 = Debug|Any CPU
		{D9513D3E-AF1A-4046-8492-63E004359736}.Debug|iPhoneSimulator.Deploy.0 = Debug|Any CPU
		{D9513D3E-AF1A-4046-8492-63E004359736}.Release|Any CPU.ActiveCfg = Release|Any CPU
		{D9513D3E-AF1A-4046-8492-63E004359736}.Release|Any CPU.Build.0 = Release|Any CPU
		{D9513D3E-AF1A-4046-8492-63E004359736}.Release|Any CPU.Deploy.0 = Release|Any CPU
		{D9513D3E-AF1A-4046-8492-63E004359736}.Release|iPhone.ActiveCfg = Release|Any CPU
		{D9513D3E-AF1A-4046-8492-63E004359736}.Release|iPhone.Build.0 = Release|Any CPU
		{D9513D3E-AF1A-4046-8492-63E004359736}.Release|iPhone.Deploy.0 = Release|Any CPU
		{D9513D3E-AF1A-4046-8492-63E004359736}.Release|iPhoneSimulator.ActiveCfg = Release|Any CPU
		{D9513D3E-AF1A-4046-8492-63E004359736}.Release|iPhoneSimulator.Build.0 = Release|Any CPU
		{D9513D3E-AF1A-4046-8492-63E004359736}.Release|iPhoneSimulator.Deploy.0 = Release|Any CPU
		{0E65D793-0CF2-4D0E-98F7-ECD8E575ACED}.Debug|Any CPU.ActiveCfg = Debug|iPhone
		{0E65D793-0CF2-4D0E-98F7-ECD8E575ACED}.Debug|Any CPU.Build.0 = Debug|iPhone
		{0E65D793-0CF2-4D0E-98F7-ECD8E575ACED}.Debug|Any CPU.Deploy.0 = Debug|iPhone
		{0E65D793-0CF2-4D0E-98F7-ECD8E575ACED}.Debug|iPhone.ActiveCfg = Debug|iPhone
		{0E65D793-0CF2-4D0E-98F7-ECD8E575ACED}.Debug|iPhone.Build.0 = Debug|iPhone
		{0E65D793-0CF2-4D0E-98F7-ECD8E575ACED}.Debug|iPhone.Deploy.0 = Debug|iPhone
		{0E65D793-0CF2-4D0E-98F7-ECD8E575ACED}.Debug|iPhoneSimulator.ActiveCfg = Debug|iPhoneSimulator
		{0E65D793-0CF2-4D0E-98F7-ECD8E575ACED}.Debug|iPhoneSimulator.Build.0 = Debug|iPhoneSimulator
		{0E65D793-0CF2-4D0E-98F7-ECD8E575ACED}.Debug|iPhoneSimulator.Deploy.0 = Debug|iPhoneSimulator
		{0E65D793-0CF2-4D0E-98F7-ECD8E575ACED}.Release|Any CPU.ActiveCfg = Release|iPhoneSimulator
		{0E65D793-0CF2-4D0E-98F7-ECD8E575ACED}.Release|Any CPU.Build.0 = Release|iPhoneSimulator
		{0E65D793-0CF2-4D0E-98F7-ECD8E575ACED}.Release|Any CPU.Deploy.0 = Release|iPhoneSimulator
		{0E65D793-0CF2-4D0E-98F7-ECD8E575ACED}.Release|iPhone.ActiveCfg = Release|iPhone
		{0E65D793-0CF2-4D0E-98F7-ECD8E575ACED}.Release|iPhone.Build.0 = Release|iPhone
		{0E65D793-0CF2-4D0E-98F7-ECD8E575ACED}.Release|iPhone.Deploy.0 = Release|iPhone
		{0E65D793-0CF2-4D0E-98F7-ECD8E575ACED}.Release|iPhoneSimulator.ActiveCfg = Release|iPhoneSimulator
		{0E65D793-0CF2-4D0E-98F7-ECD8E575ACED}.Release|iPhoneSimulator.Build.0 = Release|iPhoneSimulator
		{0E65D793-0CF2-4D0E-98F7-ECD8E575ACED}.Release|iPhoneSimulator.Deploy.0 = Release|iPhoneSimulator
		{0566FFD1-F96B-499E-9D27-62EC3A40A9E0}.Debug|Any CPU.ActiveCfg = Debug|Any CPU
		{0566FFD1-F96B-499E-9D27-62EC3A40A9E0}.Debug|Any CPU.Build.0 = Debug|Any CPU
		{0566FFD1-F96B-499E-9D27-62EC3A40A9E0}.Debug|Any CPU.Deploy.0 = Debug|Any CPU
		{0566FFD1-F96B-499E-9D27-62EC3A40A9E0}.Debug|iPhone.ActiveCfg = Debug|Any CPU
		{0566FFD1-F96B-499E-9D27-62EC3A40A9E0}.Debug|iPhone.Build.0 = Debug|Any CPU
		{0566FFD1-F96B-499E-9D27-62EC3A40A9E0}.Debug|iPhone.Deploy.0 = Debug|Any CPU
		{0566FFD1-F96B-499E-9D27-62EC3A40A9E0}.Debug|iPhoneSimulator.ActiveCfg = Debug|Any CPU
		{0566FFD1-F96B-499E-9D27-62EC3A40A9E0}.Debug|iPhoneSimulator.Build.0 = Debug|Any CPU
		{0566FFD1-F96B-499E-9D27-62EC3A40A9E0}.Debug|iPhoneSimulator.Deploy.0 = Debug|Any CPU
		{0566FFD1-F96B-499E-9D27-62EC3A40A9E0}.Release|Any CPU.ActiveCfg = Release|Any CPU
		{0566FFD1-F96B-499E-9D27-62EC3A40A9E0}.Release|Any CPU.Build.0 = Release|Any CPU
		{0566FFD1-F96B-499E-9D27-62EC3A40A9E0}.Release|Any CPU.Deploy.0 = Release|Any CPU
		{0566FFD1-F96B-499E-9D27-62EC3A40A9E0}.Release|iPhone.ActiveCfg = Release|Any CPU
		{0566FFD1-F96B-499E-9D27-62EC3A40A9E0}.Release|iPhone.Build.0 = Release|Any CPU
		{0566FFD1-F96B-499E-9D27-62EC3A40A9E0}.Release|iPhone.Deploy.0 = Release|Any CPU
		{0566FFD1-F96B-499E-9D27-62EC3A40A9E0}.Release|iPhoneSimulator.ActiveCfg = Release|Any CPU
		{0566FFD1-F96B-499E-9D27-62EC3A40A9E0}.Release|iPhoneSimulator.Build.0 = Release|Any CPU
		{0566FFD1-F96B-499E-9D27-62EC3A40A9E0}.Release|iPhoneSimulator.Deploy.0 = Release|Any CPU
	EndGlobalSection
	GlobalSection(SolutionProperties) = preSolution
		HideSolutionNode = FALSE
	EndGlobalSection
	GlobalSection(ExtensibilityGlobals) = postSolution
		SolutionGuid = {1407B4D6-6F37-434B-9BE7-1CBEE9E8CB89}
	EndGlobalSection
EndGlobal
